PODS:
  - JHChainableAnimations (3.0.1)
  - Masonry (1.1.0)
  - TPKeyboardAvoiding (1.3.2)

DEPENDENCIES:
  - JHChainableAnimations (~> 3.0.1)
  - Masonry
  - TPKeyboardAvoiding

SPEC CHECKSUMS:
  JHChainableAnimations: 0237489ed063f0ec5b351f5c7bb26c1891517074
  Masonry: 678fab65091a9290e40e2832a55e7ab731aad201
  TPKeyboardAvoiding: cb69d5ddbe90ce0170e4bc2db1e5e41d4a3ad9a4

PODFILE CHECKSUM: 90521e47ea8fc9d55361095a5c0dab5034f5aba1

COCOAPODS: 1.3.1
