PODS:
  - DZNEmptyDataSet (1.8.1)
  - EHPlainAlert (1.2.7):
    - UIColor-HexRGB
  - FontAwesomeIconFactory (3.0)
  - ionicons (2.1.1)
  - JHChainableAnimations (3.0.1)
  - Masonry (1.1.0)
  - ReactiveObjC (3.1.0)
  - Realm (3.3.0):
    - Realm/Headers (= 3.3.0)
  - Realm/Headers (3.3.0)
  - SCLAlertView-Objective-C (1.1.3)
  - TPKeyboardAvoiding (1.3.2)
  - UIColor-HexRGB (1.0.1)

DEPENDENCIES:
  - DZNEmptyDataSet
  - EHPlainAlert
  - FontAwesomeIconFactory
  - ionicons
  - JHChainableAnimations (~> 3.0.1)
  - Masonry
  - ReactiveObjC
  - Realm
  - SCLAlertView-Objective-C
  - TPKeyboardAvoiding

SPEC CHECKSUMS:
  DZNEmptyDataSet: 9525833b9e68ac21c30253e1d3d7076cc828eaa7
  EHPlainAlert: b02e88eee87c99275082f6d3689a65348eec7b1e
  FontAwesomeIconFactory: dfc89a126ff158d3a642aeeb265eaa9b179ad496
  ionicons: 630bcd2c2970741c3359e3a35ad544e71d3c086b
  JHChainableAnimations: 0237489ed063f0ec5b351f5c7bb26c1891517074
  Masonry: 678fab65091a9290e40e2832a55e7ab731aad201
  ReactiveObjC: 2a38ea15335de4119d8b17caf1db1484f61db902
  Realm: 7d74ad6c5020432f58fe5e1df90bb6d97b2c7fef
  SCLAlertView-Objective-C: 917836fb2349afa58edc43d592d22d21d46bb2a4
  TPKeyboardAvoiding: cb69d5ddbe90ce0170e4bc2db1e5e41d4a3ad9a4
  UIColor-HexRGB: daccfa7e936af664369734a164b0309087d7f970

PODFILE CHECKSUM: 0a1e23512264a3de00a8a492d2dbf096b8ae17be

COCOAPODS: 1.3.1
