// !$*UTF8*$!
{
	archiveVersion = 1;
	classes = {
	};
	objectVersion = 48;
	objects = {

/* Begin PBXBuildFile section */
		2D7D2FBF203C8EE7005E689B /* AppDelegate.m in Sources */ = {isa = PBXBuildFile; fileRef = 2D7D2FBE203C8EE7005E689B /* AppDelegate.m */; };
		2D7D2FC7203C8EE7005E689B /* Assets.xcassets in Resources */ = {isa = PBXBuildFile; fileRef = 2D7D2FC6203C8EE7005E689B /* Assets.xcassets */; };
		2D7D2FCD203C8EE7005E689B /* main.m in Sources */ = {isa = PBXBuildFile; fileRef = 2D7D2FCC203C8EE7005E689B /* main.m */; };
		2D7D2FD7203C90FF005E689B /* AnimationViewController.m in Sources */ = {isa = PBXBuildFile; fileRef = 2D7D2FD6203C90FF005E689B /* AnimationViewController.m */; };
		2D7D2FDA203C91FF005E689B /* ViewController.m in Sources */ = {isa = PBXBuildFile; fileRef = 2D7D2FD9203C91FF005E689B /* ViewController.m */; };
		3E0635D520777576001D0A09 /* ChangePasswordVC.m in Sources */ = {isa = PBXBuildFile; fileRef = 3E0635D420777576001D0A09 /* ChangePasswordVC.m */; };
		3E0635D8207775C1001D0A09 /* EditProfileVC.m in Sources */ = {isa = PBXBuildFile; fileRef = 3E0635D7207775C1001D0A09 /* EditProfileVC.m */; };
		3E0635DB207775DE001D0A09 /* AdditionalInfoVC.m in Sources */ = {isa = PBXBuildFile; fileRef = 3E0635DA207775DE001D0A09 /* AdditionalInfoVC.m */; };
		3E0635DE2077AA2B001D0A09 /* ViewUtils.m in Sources */ = {isa = PBXBuildFile; fileRef = 3E0635DD2077AA2B001D0A09 /* ViewUtils.m */; };
		3E0635E1207F47CE001D0A09 /* AvatarChangeVC.m in Sources */ = {isa = PBXBuildFile; fileRef = 3E0635E0207F47CE001D0A09 /* AvatarChangeVC.m */; };
		3E2AC47F20E904C80096D12D /* WritingModel.m in Sources */ = {isa = PBXBuildFile; fileRef = 3E2AC47E20E904C80096D12D /* WritingModel.m */; };
		3E366D992044864B008B9CF7 /* Navigation.m in Sources */ = {isa = PBXBuildFile; fileRef = 3E366D982044864B008B9CF7 /* Navigation.m */; };
		3E366DA0204804EE008B9CF7 /* Modular.storyboard in Resources */ = {isa = PBXBuildFile; fileRef = 3E366D9F204804EE008B9CF7 /* Modular.storyboard */; };
		3E366DA6204817BF008B9CF7 /* Profile.storyboard in Resources */ = {isa = PBXBuildFile; fileRef = 3E366DA5204817BF008B9CF7 /* Profile.storyboard */; };
		3E366DA82048563A008B9CF7 /* LaunchScreen.storyboard in Resources */ = {isa = PBXBuildFile; fileRef = 3E366DA720485639008B9CF7 /* LaunchScreen.storyboard */; };
		3E366DAE204C76ED008B9CF7 /* RegisterViewController.m in Sources */ = {isa = PBXBuildFile; fileRef = 3E366DAD204C76ED008B9CF7 /* RegisterViewController.m */; };
		3E3CCBA420A84C430069350D /* BookRate.m in Sources */ = {isa = PBXBuildFile; fileRef = 3E3CCBA320A84C430069350D /* BookRate.m */; };
		3E3CCBA820A84FF10069350D /* BookCell.m in Sources */ = {isa = PBXBuildFile; fileRef = 3E3CCBA620A84FF10069350D /* BookCell.m */; };
		3E3CCBA920A84FF10069350D /* BookCell.xib in Resources */ = {isa = PBXBuildFile; fileRef = 3E3CCBA720A84FF10069350D /* BookCell.xib */; };
		3E3CCBAD20A850150069350D /* WritingCell.m in Sources */ = {isa = PBXBuildFile; fileRef = 3E3CCBAB20A850150069350D /* WritingCell.m */; };
		3E3CCBAE20A850150069350D /* WritingCell.xib in Resources */ = {isa = PBXBuildFile; fileRef = 3E3CCBAC20A850150069350D /* WritingCell.xib */; };
		3E4EDACE20AFFBF300FD0205 /* Writing.m in Sources */ = {isa = PBXBuildFile; fileRef = 3E4EDACD20AFFBF300FD0205 /* Writing.m */; };
		3E4EDAD120B0547B00FD0205 /* BookDetailsVC.m in Sources */ = {isa = PBXBuildFile; fileRef = 3E4EDAD020B0547B00FD0205 /* BookDetailsVC.m */; };
		3E4EDAD420B0549000FD0205 /* WritingDetailsVC.m in Sources */ = {isa = PBXBuildFile; fileRef = 3E4EDAD320B0549000FD0205 /* WritingDetailsVC.m */; };
		3E50A89D20542EC9007CB900 /* AlertUtils.m in Sources */ = {isa = PBXBuildFile; fileRef = 3E50A89C20542EC9007CB900 /* AlertUtils.m */; };
		3E50A89F2055286C007CB900 /* ionicons.ttf in Resources */ = {isa = PBXBuildFile; fileRef = 3E50A89E2055286C007CB900 /* ionicons.ttf */; };
		3E50A8A620552E84007CB900 /* NSString+FontAwesome.m in Sources */ = {isa = PBXBuildFile; fileRef = 3E50A8A520552E84007CB900 /* NSString+FontAwesome.m */; };
		3E59F89E205579F000D6FD5A /* FontAwesome.ttf in Resources */ = {isa = PBXBuildFile; fileRef = 3E59F89D205579F000D6FD5A /* FontAwesome.ttf */; };
		3E59F8A0205BD8D300D6FD5A /* Dashboard.storyboard in Resources */ = {isa = PBXBuildFile; fileRef = 3E59F89F205BD8D200D6FD5A /* Dashboard.storyboard */; };
		3E59F8A3205BD94800D6FD5A /* DashboardTabbed.m in Sources */ = {isa = PBXBuildFile; fileRef = 3E59F8A2205BD94800D6FD5A /* DashboardTabbed.m */; };
		3E59F8A6205BFB6800D6FD5A /* UIImage+FontAwesome.m in Sources */ = {isa = PBXBuildFile; fileRef = 3E59F8A5205BFB6700D6FD5A /* UIImage+FontAwesome.m */; };
		3E59F8A9205BFE1400D6FD5A /* Font.m in Sources */ = {isa = PBXBuildFile; fileRef = 3E59F8A8205BFE1400D6FD5A /* Font.m */; };
		3E59F8AC205C3BEA00D6FD5A /* ProfileDashboard.m in Sources */ = {isa = PBXBuildFile; fileRef = 3E59F8AB205C3BEA00D6FD5A /* ProfileDashboard.m */; };
		3E59F8B9205E845600D6FD5A /* Session.m in Sources */ = {isa = PBXBuildFile; fileRef = 3E59F8B8205E845600D6FD5A /* Session.m */; };
		3E59F8BC205E8BCE00D6FD5A /* TesViewController.m in Sources */ = {isa = PBXBuildFile; fileRef = 3E59F8BB205E8BCE00D6FD5A /* TesViewController.m */; };
		3E734ADF2062E87500C54EBC /* ServerPersistence.m in Sources */ = {isa = PBXBuildFile; fileRef = 3E734ADE2062E87500C54EBC /* ServerPersistence.m */; };
		3E734AE22062E88400C54EBC /* RealmUtils.m in Sources */ = {isa = PBXBuildFile; fileRef = 3E734AE12062E88400C54EBC /* RealmUtils.m */; };
		3E734AE52062E89500C54EBC /* RealmConfig.m in Sources */ = {isa = PBXBuildFile; fileRef = 3E734AE42062E89500C54EBC /* RealmConfig.m */; };
		3E7C99ED20A96A7500B3174A /* BookModel.m in Sources */ = {isa = PBXBuildFile; fileRef = 3E7C99EC20A96A7500B3174A /* BookModel.m */; };
		3E7C99F020A96CB600B3174A /* LibraryTVCDataSource.m in Sources */ = {isa = PBXBuildFile; fileRef = 3E7C99EF20A96CB600B3174A /* LibraryTVCDataSource.m */; };
		3E895B0520695E3A0091FD3C /* ProfileCell.xib in Resources */ = {isa = PBXBuildFile; fileRef = 3E895B0420695E3A0091FD3C /* ProfileCell.xib */; };
		3E895B0820695E610091FD3C /* ProfileCell.m in Sources */ = {isa = PBXBuildFile; fileRef = 3E895B0720695E610091FD3C /* ProfileCell.m */; };
		3E895B0C206960600091FD3C /* ProfileTVCDataSource.m in Sources */ = {isa = PBXBuildFile; fileRef = 3E895B0B206960600091FD3C /* ProfileTVCDataSource.m */; };
		3E895B0F206960A30091FD3C /* CellModel.m in Sources */ = {isa = PBXBuildFile; fileRef = 3E895B0E206960A30091FD3C /* CellModel.m */; };
		3E9F65CA20E6D4D00038CA2A /* URLSessionManager.m in Sources */ = {isa = PBXBuildFile; fileRef = 3E9F65C920E6D4D00038CA2A /* URLSessionManager.m */; };
		3E9F65CD20E76E800038CA2A /* NetworkingConfig.m in Sources */ = {isa = PBXBuildFile; fileRef = 3E9F65CC20E76E800038CA2A /* NetworkingConfig.m */; };
		3EAC24642096305600D1AED5 /* FeedVC.m in Sources */ = {isa = PBXBuildFile; fileRef = 3EAC24632096305600D1AED5 /* FeedVC.m */; };
		3EAC24672097204E00D1AED5 /* FeedTVCDataSource.m in Sources */ = {isa = PBXBuildFile; fileRef = 3EAC24662097204E00D1AED5 /* FeedTVCDataSource.m */; };
		3EAC246B2097207900D1AED5 /* FeedPostCell.m in Sources */ = {isa = PBXBuildFile; fileRef = 3EAC24692097207900D1AED5 /* FeedPostCell.m */; };
		3EAC246C2097207900D1AED5 /* FeedPostCell.xib in Resources */ = {isa = PBXBuildFile; fileRef = 3EAC246A2097207900D1AED5 /* FeedPostCell.xib */; };
		3EAC24722098D07800D1AED5 /* LibraryVC.m in Sources */ = {isa = PBXBuildFile; fileRef = 3EAC24712098D07800D1AED5 /* LibraryVC.m */; };
		3EC234B02062EFEC0029225D /* Post.m in Sources */ = {isa = PBXBuildFile; fileRef = 3EC234AF2062EFEC0029225D /* Post.m */; };
		3EC234B32062EFF80029225D /* Comment.m in Sources */ = {isa = PBXBuildFile; fileRef = 3EC234B22062EFF80029225D /* Comment.m */; };
		3EC234B62062F0040029225D /* Book.m in Sources */ = {isa = PBXBuildFile; fileRef = 3EC234B52062F0040029225D /* Book.m */; };
		3EC234B92062F00E0029225D /* User.m in Sources */ = {isa = PBXBuildFile; fileRef = 3EC234B82062F00E0029225D /* User.m */; };
		3ECBC485203CB86F001A263D /* Initial.storyboard in Resources */ = {isa = PBXBuildFile; fileRef = 3ECBC484203CB86F001A263D /* Initial.storyboard */; };
		3ECBC489203CB8B7001A263D /* Color.m in Sources */ = {isa = PBXBuildFile; fileRef = 3ECBC488203CB8B7001A263D /* Color.m */; };
		3ECBC48C203CB8CD001A263D /* AppLabels.m in Sources */ = {isa = PBXBuildFile; fileRef = 3ECBC48B203CB8CD001A263D /* AppLabels.m */; };
		3ECBC494203CBB37001A263D /* ProfileViewController.m in Sources */ = {isa = PBXBuildFile; fileRef = 3ECBC493203CBB37001A263D /* ProfileViewController.m */; };
		3ECBC498203CD37B001A263D /* Bariol_Regular.otf in Resources */ = {isa = PBXBuildFile; fileRef = 3ECBC497203CD37B001A263D /* Bariol_Regular.otf */; };
		3ECBC49A203CD394001A263D /* Bariol_Regular_Italic.otf in Resources */ = {isa = PBXBuildFile; fileRef = 3ECBC499203CD394001A263D /* Bariol_Regular_Italic.otf */; };
		3ED979CE2063E94400B00F13 /* UserDefaultsManager.m in Sources */ = {isa = PBXBuildFile; fileRef = 3ED979CD2063E94400B00F13 /* UserDefaultsManager.m */; };
		3ED979D820667A0200B00F13 /* ProfilePresentationCell.xib in Resources */ = {isa = PBXBuildFile; fileRef = 3ED979D720667A0200B00F13 /* ProfilePresentationCell.xib */; };
		3ED979DB20667A5600B00F13 /* ProfilePresentationCell.m in Sources */ = {isa = PBXBuildFile; fileRef = 3ED979DA20667A5600B00F13 /* ProfilePresentationCell.m */; };
		3ED979EC20684EE500B00F13 /* ContainerViewController.m in Sources */ = {isa = PBXBuildFile; fileRef = 3ED979EB20684EE500B00F13 /* ContainerViewController.m */; };
		3EDE520A2086838A00D3330A /* UserPresentationVC.m in Sources */ = {isa = PBXBuildFile; fileRef = 3EDE52092086838A00D3330A /* UserPresentationVC.m */; };
		3EDE520D208683A400D3330A /* BookPresentationVC.m in Sources */ = {isa = PBXBuildFile; fileRef = 3EDE520C208683A400D3330A /* BookPresentationVC.m */; };
		3EDE520F2086880900D3330A /* Reusables.storyboard in Resources */ = {isa = PBXBuildFile; fileRef = 3EDE520E2086880900D3330A /* Reusables.storyboard */; };
		3EDE5211208A1F5700D3330A /* Social.storyboard in Resources */ = {isa = PBXBuildFile; fileRef = 3EDE5210208A1F5700D3330A /* Social.storyboard */; };
		3EFC4D9E208A73F4003D0C33 /* PeopleVC.m in Sources */ = {isa = PBXBuildFile; fileRef = 3EFC4D9D208A73F4003D0C33 /* PeopleVC.m */; };
		3EFC4DA5208A8462003D0C33 /* UserCell.m in Sources */ = {isa = PBXBuildFile; fileRef = 3EFC4DA3208A8462003D0C33 /* UserCell.m */; };
		3EFC4DA6208A8462003D0C33 /* UserCell.xib in Resources */ = {isa = PBXBuildFile; fileRef = 3EFC4DA4208A8462003D0C33 /* UserCell.xib */; };
		3EFC4DA9208B149C003D0C33 /* PeopleTVCDataSource.m in Sources */ = {isa = PBXBuildFile; fileRef = 3EFC4DA8208B149C003D0C33 /* PeopleTVCDataSource.m */; };
		3EFC4DAD208D17AF003D0C33 /* PendingRequest.m in Sources */ = {isa = PBXBuildFile; fileRef = 3EFC4DAB208D17AF003D0C33 /* PendingRequest.m */; };
		3EFC4DAE208D17AF003D0C33 /* PendingRequest.xib in Resources */ = {isa = PBXBuildFile; fileRef = 3EFC4DAC208D17AF003D0C33 /* PendingRequest.xib */; };
		3EFC4DB6208D1A4E003D0C33 /* RequestsTVC.m in Sources */ = {isa = PBXBuildFile; fileRef = 3EFC4DB5208D1A4E003D0C33 /* RequestsTVC.m */; };
		3EFC4DBA208D20E9003D0C33 /* ReceivedRequest.m in Sources */ = {isa = PBXBuildFile; fileRef = 3EFC4DB8208D20E9003D0C33 /* ReceivedRequest.m */; };
		3EFC4DBB208D20E9003D0C33 /* ReceivedRequest.xib in Resources */ = {isa = PBXBuildFile; fileRef = 3EFC4DB9208D20E9003D0C33 /* ReceivedRequest.xib */; };
		3EFC4DBE208DC744003D0C33 /* Request.m in Sources */ = {isa = PBXBuildFile; fileRef = 3EFC4DBD208DC744003D0C33 /* Request.m */; };
		3EFC4DC1208DE050003D0C33 /* RequestCellModel.m in Sources */ = {isa = PBXBuildFile; fileRef = 3EFC4DC0208DE050003D0C33 /* RequestCellModel.m */; };
		3EFC4DC4208DFCA9003D0C33 /* RequestsTVCDataSource.m in Sources */ = {isa = PBXBuildFile; fileRef = 3EFC4DC3208DFCA9003D0C33 /* RequestsTVCDataSource.m */; };
		EFAB725FF27F5BD4CDA44F72 /* libPods-Readoop.a in Frameworks */ = {isa = PBXBuildFile; fileRef = C50EBEE3769E98A9A27FD5D9 /* libPods-Readoop.a */; };
/* End PBXBuildFile section */

/* Begin PBXFileReference section */
		0F505B3BD4145ECC2A5BB12D /* Pods-Readoop.release.xcconfig */ = {isa = PBXFileReference; includeInIndex = 1; lastKnownFileType = text.xcconfig; name = "Pods-Readoop.release.xcconfig"; path = "Pods/Target Support Files/Pods-Readoop/Pods-Readoop.release.xcconfig"; sourceTree = "<group>"; };
		2D7D2FBA203C8EE7005E689B /* Readoop.app */ = {isa = PBXFileReference; explicitFileType = wrapper.application; includeInIndex = 0; path = Readoop.app; sourceTree = BUILT_PRODUCTS_DIR; };
		2D7D2FBD203C8EE7005E689B /* AppDelegate.h */ = {isa = PBXFileReference; lastKnownFileType = sourcecode.c.h; path = AppDelegate.h; sourceTree = "<group>"; };
		2D7D2FBE203C8EE7005E689B /* AppDelegate.m */ = {isa = PBXFileReference; lastKnownFileType = sourcecode.c.objc; path = AppDelegate.m; sourceTree = "<group>"; };
		2D7D2FC6203C8EE7005E689B /* Assets.xcassets */ = {isa = PBXFileReference; lastKnownFileType = folder.assetcatalog; path = Assets.xcassets; sourceTree = "<group>"; };
		2D7D2FCB203C8EE7005E689B /* Info.plist */ = {isa = PBXFileReference; lastKnownFileType = text.plist.xml; path = Info.plist; sourceTree = "<group>"; };
		2D7D2FCC203C8EE7005E689B /* main.m */ = {isa = PBXFileReference; lastKnownFileType = sourcecode.c.objc; path = main.m; sourceTree = "<group>"; };
		2D7D2FD5203C90FF005E689B /* AnimationViewController.h */ = {isa = PBXFileReference; lastKnownFileType = sourcecode.c.h; path = AnimationViewController.h; sourceTree = "<group>"; };
		2D7D2FD6203C90FF005E689B /* AnimationViewController.m */ = {isa = PBXFileReference; lastKnownFileType = sourcecode.c.objc; path = AnimationViewController.m; sourceTree = "<group>"; };
		2D7D2FD8203C91FF005E689B /* ViewController.h */ = {isa = PBXFileReference; lastKnownFileType = sourcecode.c.h; path = ViewController.h; sourceTree = "<group>"; };
		2D7D2FD9203C91FF005E689B /* ViewController.m */ = {isa = PBXFileReference; lastKnownFileType = sourcecode.c.objc; path = ViewController.m; sourceTree = "<group>"; };
		36B05A971F5547FB89CE10F0 /* Pods-Readoop.debug.xcconfig */ = {isa = PBXFileReference; includeInIndex = 1; lastKnownFileType = text.xcconfig; name = "Pods-Readoop.debug.xcconfig"; path = "Pods/Target Support Files/Pods-Readoop/Pods-Readoop.debug.xcconfig"; sourceTree = "<group>"; };
		3E0635D320777576001D0A09 /* ChangePasswordVC.h */ = {isa = PBXFileReference; lastKnownFileType = sourcecode.c.h; path = ChangePasswordVC.h; sourceTree = "<group>"; };
		3E0635D420777576001D0A09 /* ChangePasswordVC.m */ = {isa = PBXFileReference; lastKnownFileType = sourcecode.c.objc; path = ChangePasswordVC.m; sourceTree = "<group>"; };
		3E0635D6207775C1001D0A09 /* EditProfileVC.h */ = {isa = PBXFileReference; lastKnownFileType = sourcecode.c.h; path = EditProfileVC.h; sourceTree = "<group>"; };
		3E0635D7207775C1001D0A09 /* EditProfileVC.m */ = {isa = PBXFileReference; lastKnownFileType = sourcecode.c.objc; path = EditProfileVC.m; sourceTree = "<group>"; };
		3E0635D9207775DE001D0A09 /* AdditionalInfoVC.h */ = {isa = PBXFileReference; lastKnownFileType = sourcecode.c.h; path = AdditionalInfoVC.h; sourceTree = "<group>"; };
		3E0635DA207775DE001D0A09 /* AdditionalInfoVC.m */ = {isa = PBXFileReference; lastKnownFileType = sourcecode.c.objc; path = AdditionalInfoVC.m; sourceTree = "<group>"; };
		3E0635DC2077AA2B001D0A09 /* ViewUtils.h */ = {isa = PBXFileReference; lastKnownFileType = sourcecode.c.h; path = ViewUtils.h; sourceTree = "<group>"; };
		3E0635DD2077AA2B001D0A09 /* ViewUtils.m */ = {isa = PBXFileReference; lastKnownFileType = sourcecode.c.objc; path = ViewUtils.m; sourceTree = "<group>"; };
		3E0635DF207F47CE001D0A09 /* AvatarChangeVC.h */ = {isa = PBXFileReference; lastKnownFileType = sourcecode.c.h; path = AvatarChangeVC.h; sourceTree = "<group>"; };
		3E0635E0207F47CE001D0A09 /* AvatarChangeVC.m */ = {isa = PBXFileReference; lastKnownFileType = sourcecode.c.objc; path = AvatarChangeVC.m; sourceTree = "<group>"; };
		3E2AC47D20E904C80096D12D /* WritingModel.h */ = {isa = PBXFileReference; lastKnownFileType = sourcecode.c.h; path = WritingModel.h; sourceTree = "<group>"; };
		3E2AC47E20E904C80096D12D /* WritingModel.m */ = {isa = PBXFileReference; lastKnownFileType = sourcecode.c.objc; path = WritingModel.m; sourceTree = "<group>"; };
		3E366D972044864B008B9CF7 /* Navigation.h */ = {isa = PBXFileReference; lastKnownFileType = sourcecode.c.h; path = Navigation.h; sourceTree = "<group>"; };
		3E366D982044864B008B9CF7 /* Navigation.m */ = {isa = PBXFileReference; lastKnownFileType = sourcecode.c.objc; path = Navigation.m; sourceTree = "<group>"; };
		3E366D9F204804EE008B9CF7 /* Modular.storyboard */ = {isa = PBXFileReference; lastKnownFileType = file.storyboard; path = Modular.storyboard; sourceTree = "<group>"; };
		3E366DA5204817BF008B9CF7 /* Profile.storyboard */ = {isa = PBXFileReference; fileEncoding = 4; lastKnownFileType = file.storyboard; path = Profile.storyboard; sourceTree = "<group>"; };
		3E366DA720485639008B9CF7 /* LaunchScreen.storyboard */ = {isa = PBXFileReference; lastKnownFileType = file.storyboard; path = LaunchScreen.storyboard; sourceTree = "<group>"; };
		3E366DAC204C76ED008B9CF7 /* RegisterViewController.h */ = {isa = PBXFileReference; lastKnownFileType = sourcecode.c.h; path = RegisterViewController.h; sourceTree = "<group>"; };
		3E366DAD204C76ED008B9CF7 /* RegisterViewController.m */ = {isa = PBXFileReference; lastKnownFileType = sourcecode.c.objc; path = RegisterViewController.m; sourceTree = "<group>"; };
		3E3CCBA220A84C430069350D /* BookRate.h */ = {isa = PBXFileReference; lastKnownFileType = sourcecode.c.h; path = BookRate.h; sourceTree = "<group>"; };
		3E3CCBA320A84C430069350D /* BookRate.m */ = {isa = PBXFileReference; lastKnownFileType = sourcecode.c.objc; path = BookRate.m; sourceTree = "<group>"; };
		3E3CCBA520A84FF10069350D /* BookCell.h */ = {isa = PBXFileReference; lastKnownFileType = sourcecode.c.h; path = BookCell.h; sourceTree = "<group>"; };
		3E3CCBA620A84FF10069350D /* BookCell.m */ = {isa = PBXFileReference; lastKnownFileType = sourcecode.c.objc; path = BookCell.m; sourceTree = "<group>"; };
		3E3CCBA720A84FF10069350D /* BookCell.xib */ = {isa = PBXFileReference; lastKnownFileType = file.xib; path = BookCell.xib; sourceTree = "<group>"; };
		3E3CCBAA20A850150069350D /* WritingCell.h */ = {isa = PBXFileReference; lastKnownFileType = sourcecode.c.h; path = WritingCell.h; sourceTree = "<group>"; };
		3E3CCBAB20A850150069350D /* WritingCell.m */ = {isa = PBXFileReference; lastKnownFileType = sourcecode.c.objc; path = WritingCell.m; sourceTree = "<group>"; };
		3E3CCBAC20A850150069350D /* WritingCell.xib */ = {isa = PBXFileReference; lastKnownFileType = file.xib; path = WritingCell.xib; sourceTree = "<group>"; };
		3E4EDACC20AFFBF300FD0205 /* Writing.h */ = {isa = PBXFileReference; lastKnownFileType = sourcecode.c.h; path = Writing.h; sourceTree = "<group>"; };
		3E4EDACD20AFFBF300FD0205 /* Writing.m */ = {isa = PBXFileReference; lastKnownFileType = sourcecode.c.objc; path = Writing.m; sourceTree = "<group>"; };
		3E4EDACF20B0547B00FD0205 /* BookDetailsVC.h */ = {isa = PBXFileReference; lastKnownFileType = sourcecode.c.h; path = BookDetailsVC.h; sourceTree = "<group>"; };
		3E4EDAD020B0547B00FD0205 /* BookDetailsVC.m */ = {isa = PBXFileReference; lastKnownFileType = sourcecode.c.objc; path = BookDetailsVC.m; sourceTree = "<group>"; };
		3E4EDAD220B0549000FD0205 /* WritingDetailsVC.h */ = {isa = PBXFileReference; lastKnownFileType = sourcecode.c.h; path = WritingDetailsVC.h; sourceTree = "<group>"; };
		3E4EDAD320B0549000FD0205 /* WritingDetailsVC.m */ = {isa = PBXFileReference; lastKnownFileType = sourcecode.c.objc; path = WritingDetailsVC.m; sourceTree = "<group>"; };
		3E50A89B20542EC9007CB900 /* AlertUtils.h */ = {isa = PBXFileReference; lastKnownFileType = sourcecode.c.h; path = AlertUtils.h; sourceTree = "<group>"; };
		3E50A89C20542EC9007CB900 /* AlertUtils.m */ = {isa = PBXFileReference; lastKnownFileType = sourcecode.c.objc; path = AlertUtils.m; sourceTree = "<group>"; };
		3E50A89E2055286C007CB900 /* ionicons.ttf */ = {isa = PBXFileReference; lastKnownFileType = file; path = ionicons.ttf; sourceTree = "<group>"; };
		3E50A8A420552E84007CB900 /* NSString+FontAwesome.h */ = {isa = PBXFileReference; lastKnownFileType = sourcecode.c.h; path = "NSString+FontAwesome.h"; sourceTree = "<group>"; };
		3E50A8A520552E84007CB900 /* NSString+FontAwesome.m */ = {isa = PBXFileReference; lastKnownFileType = sourcecode.c.objc; path = "NSString+FontAwesome.m"; sourceTree = "<group>"; };
		3E59F89D205579F000D6FD5A /* FontAwesome.ttf */ = {isa = PBXFileReference; lastKnownFileType = file; path = FontAwesome.ttf; sourceTree = "<group>"; };
		3E59F89F205BD8D200D6FD5A /* Dashboard.storyboard */ = {isa = PBXFileReference; lastKnownFileType = file.storyboard; path = Dashboard.storyboard; sourceTree = "<group>"; };
		3E59F8A1205BD94800D6FD5A /* DashboardTabbed.h */ = {isa = PBXFileReference; lastKnownFileType = sourcecode.c.h; path = DashboardTabbed.h; sourceTree = "<group>"; };
		3E59F8A2205BD94800D6FD5A /* DashboardTabbed.m */ = {isa = PBXFileReference; lastKnownFileType = sourcecode.c.objc; path = DashboardTabbed.m; sourceTree = "<group>"; };
		3E59F8A4205BFB6700D6FD5A /* UIImage+FontAwesome.h */ = {isa = PBXFileReference; lastKnownFileType = sourcecode.c.h; path = "UIImage+FontAwesome.h"; sourceTree = "<group>"; };
		3E59F8A5205BFB6700D6FD5A /* UIImage+FontAwesome.m */ = {isa = PBXFileReference; lastKnownFileType = sourcecode.c.objc; path = "UIImage+FontAwesome.m"; sourceTree = "<group>"; };
		3E59F8A7205BFE1400D6FD5A /* Font.h */ = {isa = PBXFileReference; lastKnownFileType = sourcecode.c.h; path = Font.h; sourceTree = "<group>"; };
		3E59F8A8205BFE1400D6FD5A /* Font.m */ = {isa = PBXFileReference; lastKnownFileType = sourcecode.c.objc; path = Font.m; sourceTree = "<group>"; };
		3E59F8AA205C3BE900D6FD5A /* ProfileDashboard.h */ = {isa = PBXFileReference; lastKnownFileType = sourcecode.c.h; path = ProfileDashboard.h; sourceTree = "<group>"; };
		3E59F8AB205C3BEA00D6FD5A /* ProfileDashboard.m */ = {isa = PBXFileReference; lastKnownFileType = sourcecode.c.objc; path = ProfileDashboard.m; sourceTree = "<group>"; };
		3E59F8B6205DC73400D6FD5A /* Essentials.h */ = {isa = PBXFileReference; lastKnownFileType = sourcecode.c.h; path = Essentials.h; sourceTree = "<group>"; };
		3E59F8B7205E845600D6FD5A /* Session.h */ = {isa = PBXFileReference; lastKnownFileType = sourcecode.c.h; path = Session.h; sourceTree = "<group>"; };
		3E59F8B8205E845600D6FD5A /* Session.m */ = {isa = PBXFileReference; lastKnownFileType = sourcecode.c.objc; path = Session.m; sourceTree = "<group>"; };
		3E59F8BA205E8BCE00D6FD5A /* TesViewController.h */ = {isa = PBXFileReference; lastKnownFileType = sourcecode.c.h; path = TesViewController.h; sourceTree = "<group>"; };
		3E59F8BB205E8BCE00D6FD5A /* TesViewController.m */ = {isa = PBXFileReference; lastKnownFileType = sourcecode.c.objc; path = TesViewController.m; sourceTree = "<group>"; };
		3E734ADD2062E87500C54EBC /* ServerPersistence.h */ = {isa = PBXFileReference; lastKnownFileType = sourcecode.c.h; path = ServerPersistence.h; sourceTree = "<group>"; };
		3E734ADE2062E87500C54EBC /* ServerPersistence.m */ = {isa = PBXFileReference; lastKnownFileType = sourcecode.c.objc; path = ServerPersistence.m; sourceTree = "<group>"; };
		3E734AE02062E88400C54EBC /* RealmUtils.h */ = {isa = PBXFileReference; lastKnownFileType = sourcecode.c.h; path = RealmUtils.h; sourceTree = "<group>"; };
		3E734AE12062E88400C54EBC /* RealmUtils.m */ = {isa = PBXFileReference; lastKnownFileType = sourcecode.c.objc; path = RealmUtils.m; sourceTree = "<group>"; };
		3E734AE32062E89500C54EBC /* RealmConfig.h */ = {isa = PBXFileReference; lastKnownFileType = sourcecode.c.h; path = RealmConfig.h; sourceTree = "<group>"; };
		3E734AE42062E89500C54EBC /* RealmConfig.m */ = {isa = PBXFileReference; lastKnownFileType = sourcecode.c.objc; path = RealmConfig.m; sourceTree = "<group>"; };
		3E7C99EB20A96A7500B3174A /* BookModel.h */ = {isa = PBXFileReference; lastKnownFileType = sourcecode.c.h; path = BookModel.h; sourceTree = "<group>"; };
		3E7C99EC20A96A7500B3174A /* BookModel.m */ = {isa = PBXFileReference; lastKnownFileType = sourcecode.c.objc; path = BookModel.m; sourceTree = "<group>"; };
		3E7C99EE20A96CB600B3174A /* LibraryTVCDataSource.h */ = {isa = PBXFileReference; lastKnownFileType = sourcecode.c.h; path = LibraryTVCDataSource.h; sourceTree = "<group>"; };
		3E7C99EF20A96CB600B3174A /* LibraryTVCDataSource.m */ = {isa = PBXFileReference; lastKnownFileType = sourcecode.c.objc; path = LibraryTVCDataSource.m; sourceTree = "<group>"; };
		3E895B0420695E3A0091FD3C /* ProfileCell.xib */ = {isa = PBXFileReference; lastKnownFileType = file.xib; path = ProfileCell.xib; sourceTree = "<group>"; };
		3E895B0620695E610091FD3C /* ProfileCell.h */ = {isa = PBXFileReference; lastKnownFileType = sourcecode.c.h; path = ProfileCell.h; sourceTree = "<group>"; };
		3E895B0720695E610091FD3C /* ProfileCell.m */ = {isa = PBXFileReference; lastKnownFileType = sourcecode.c.objc; path = ProfileCell.m; sourceTree = "<group>"; };
		3E895B0A206960600091FD3C /* ProfileTVCDataSource.h */ = {isa = PBXFileReference; lastKnownFileType = sourcecode.c.h; path = ProfileTVCDataSource.h; sourceTree = "<group>"; };
		3E895B0B206960600091FD3C /* ProfileTVCDataSource.m */ = {isa = PBXFileReference; lastKnownFileType = sourcecode.c.objc; path = ProfileTVCDataSource.m; sourceTree = "<group>"; };
		3E895B0D206960A30091FD3C /* CellModel.h */ = {isa = PBXFileReference; lastKnownFileType = sourcecode.c.h; path = CellModel.h; sourceTree = "<group>"; };
		3E895B0E206960A30091FD3C /* CellModel.m */ = {isa = PBXFileReference; lastKnownFileType = sourcecode.c.objc; path = CellModel.m; sourceTree = "<group>"; };
		3E9F65C820E6D4D00038CA2A /* URLSessionManager.h */ = {isa = PBXFileReference; lastKnownFileType = sourcecode.c.h; path = URLSessionManager.h; sourceTree = "<group>"; };
		3E9F65C920E6D4D00038CA2A /* URLSessionManager.m */ = {isa = PBXFileReference; lastKnownFileType = sourcecode.c.objc; path = URLSessionManager.m; sourceTree = "<group>"; };
		3E9F65CB20E76E800038CA2A /* NetworkingConfig.h */ = {isa = PBXFileReference; lastKnownFileType = sourcecode.c.h; path = NetworkingConfig.h; sourceTree = "<group>"; };
		3E9F65CC20E76E800038CA2A /* NetworkingConfig.m */ = {isa = PBXFileReference; lastKnownFileType = sourcecode.c.objc; path = NetworkingConfig.m; sourceTree = "<group>"; };
		3EAC24622096305600D1AED5 /* FeedVC.h */ = {isa = PBXFileReference; lastKnownFileType = sourcecode.c.h; path = FeedVC.h; sourceTree = "<group>"; };
		3EAC24632096305600D1AED5 /* FeedVC.m */ = {isa = PBXFileReference; lastKnownFileType = sourcecode.c.objc; path = FeedVC.m; sourceTree = "<group>"; };
		3EAC24652097204E00D1AED5 /* FeedTVCDataSource.h */ = {isa = PBXFileReference; lastKnownFileType = sourcecode.c.h; path = FeedTVCDataSource.h; sourceTree = "<group>"; };
		3EAC24662097204E00D1AED5 /* FeedTVCDataSource.m */ = {isa = PBXFileReference; lastKnownFileType = sourcecode.c.objc; path = FeedTVCDataSource.m; sourceTree = "<group>"; };
		3EAC24682097207900D1AED5 /* FeedPostCell.h */ = {isa = PBXFileReference; lastKnownFileType = sourcecode.c.h; path = FeedPostCell.h; sourceTree = "<group>"; };
		3EAC24692097207900D1AED5 /* FeedPostCell.m */ = {isa = PBXFileReference; lastKnownFileType = sourcecode.c.objc; path = FeedPostCell.m; sourceTree = "<group>"; };
		3EAC246A2097207900D1AED5 /* FeedPostCell.xib */ = {isa = PBXFileReference; lastKnownFileType = file.xib; path = FeedPostCell.xib; sourceTree = "<group>"; };
		3EAC24702098D07800D1AED5 /* LibraryVC.h */ = {isa = PBXFileReference; lastKnownFileType = sourcecode.c.h; path = LibraryVC.h; sourceTree = "<group>"; };
		3EAC24712098D07800D1AED5 /* LibraryVC.m */ = {isa = PBXFileReference; lastKnownFileType = sourcecode.c.objc; path = LibraryVC.m; sourceTree = "<group>"; };
		3EC234AE2062EFEC0029225D /* Post.h */ = {isa = PBXFileReference; lastKnownFileType = sourcecode.c.h; path = Post.h; sourceTree = "<group>"; };
		3EC234AF2062EFEC0029225D /* Post.m */ = {isa = PBXFileReference; lastKnownFileType = sourcecode.c.objc; path = Post.m; sourceTree = "<group>"; };
		3EC234B12062EFF80029225D /* Comment.h */ = {isa = PBXFileReference; lastKnownFileType = sourcecode.c.h; path = Comment.h; sourceTree = "<group>"; };
		3EC234B22062EFF80029225D /* Comment.m */ = {isa = PBXFileReference; lastKnownFileType = sourcecode.c.objc; path = Comment.m; sourceTree = "<group>"; };
		3EC234B42062F0040029225D /* Book.h */ = {isa = PBXFileReference; lastKnownFileType = sourcecode.c.h; path = Book.h; sourceTree = "<group>"; };
		3EC234B52062F0040029225D /* Book.m */ = {isa = PBXFileReference; lastKnownFileType = sourcecode.c.objc; path = Book.m; sourceTree = "<group>"; };
		3EC234B72062F00E0029225D /* User.h */ = {isa = PBXFileReference; lastKnownFileType = sourcecode.c.h; path = User.h; sourceTree = "<group>"; };
		3EC234B82062F00E0029225D /* User.m */ = {isa = PBXFileReference; lastKnownFileType = sourcecode.c.objc; path = User.m; sourceTree = "<group>"; };
		3ECBC484203CB86F001A263D /* Initial.storyboard */ = {isa = PBXFileReference; lastKnownFileType = file.storyboard; path = Initial.storyboard; sourceTree = "<group>"; };
		3ECBC487203CB8B7001A263D /* Color.h */ = {isa = PBXFileReference; lastKnownFileType = sourcecode.c.h; path = Color.h; sourceTree = "<group>"; };
		3ECBC488203CB8B7001A263D /* Color.m */ = {isa = PBXFileReference; lastKnownFileType = sourcecode.c.objc; path = Color.m; sourceTree = "<group>"; };
		3ECBC48A203CB8CD001A263D /* AppLabels.h */ = {isa = PBXFileReference; lastKnownFileType = sourcecode.c.h; path = AppLabels.h; sourceTree = "<group>"; };
		3ECBC48B203CB8CD001A263D /* AppLabels.m */ = {isa = PBXFileReference; lastKnownFileType = sourcecode.c.objc; path = AppLabels.m; sourceTree = "<group>"; };
		3ECBC492203CBB37001A263D /* ProfileViewController.h */ = {isa = PBXFileReference; lastKnownFileType = sourcecode.c.h; path = ProfileViewController.h; sourceTree = "<group>"; };
		3ECBC493203CBB37001A263D /* ProfileViewController.m */ = {isa = PBXFileReference; lastKnownFileType = sourcecode.c.objc; path = ProfileViewController.m; sourceTree = "<group>"; };
		3ECBC497203CD37B001A263D /* Bariol_Regular.otf */ = {isa = PBXFileReference; lastKnownFileType = file; path = Bariol_Regular.otf; sourceTree = "<group>"; };
		3ECBC499203CD394001A263D /* Bariol_Regular_Italic.otf */ = {isa = PBXFileReference; lastKnownFileType = file; path = Bariol_Regular_Italic.otf; sourceTree = "<group>"; };
		3ED979CC2063E94400B00F13 /* UserDefaultsManager.h */ = {isa = PBXFileReference; lastKnownFileType = sourcecode.c.h; path = UserDefaultsManager.h; sourceTree = "<group>"; };
		3ED979CD2063E94400B00F13 /* UserDefaultsManager.m */ = {isa = PBXFileReference; lastKnownFileType = sourcecode.c.objc; path = UserDefaultsManager.m; sourceTree = "<group>"; };
		3ED979D720667A0200B00F13 /* ProfilePresentationCell.xib */ = {isa = PBXFileReference; lastKnownFileType = file.xib; path = ProfilePresentationCell.xib; sourceTree = "<group>"; };
		3ED979D920667A5600B00F13 /* ProfilePresentationCell.h */ = {isa = PBXFileReference; lastKnownFileType = sourcecode.c.h; path = ProfilePresentationCell.h; sourceTree = "<group>"; };
		3ED979DA20667A5600B00F13 /* ProfilePresentationCell.m */ = {isa = PBXFileReference; lastKnownFileType = sourcecode.c.objc; path = ProfilePresentationCell.m; sourceTree = "<group>"; };
		3ED979EA20684EE500B00F13 /* ContainerViewController.h */ = {isa = PBXFileReference; lastKnownFileType = sourcecode.c.h; path = ContainerViewController.h; sourceTree = "<group>"; };
		3ED979EB20684EE500B00F13 /* ContainerViewController.m */ = {isa = PBXFileReference; lastKnownFileType = sourcecode.c.objc; path = ContainerViewController.m; sourceTree = "<group>"; };
		3EDE52042086820800D3330A /* ProfileDashboardDelegateProtocol.h */ = {isa = PBXFileReference; lastKnownFileType = sourcecode.c.h; path = ProfileDashboardDelegateProtocol.h; sourceTree = "<group>"; };
		3EDE52082086838A00D3330A /* UserPresentationVC.h */ = {isa = PBXFileReference; lastKnownFileType = sourcecode.c.h; path = UserPresentationVC.h; sourceTree = "<group>"; };
		3EDE52092086838A00D3330A /* UserPresentationVC.m */ = {isa = PBXFileReference; lastKnownFileType = sourcecode.c.objc; path = UserPresentationVC.m; sourceTree = "<group>"; };
		3EDE520B208683A400D3330A /* BookPresentationVC.h */ = {isa = PBXFileReference; lastKnownFileType = sourcecode.c.h; path = BookPresentationVC.h; sourceTree = "<group>"; };
		3EDE520C208683A400D3330A /* BookPresentationVC.m */ = {isa = PBXFileReference; lastKnownFileType = sourcecode.c.objc; path = BookPresentationVC.m; sourceTree = "<group>"; };
		3EDE520E2086880900D3330A /* Reusables.storyboard */ = {isa = PBXFileReference; lastKnownFileType = file.storyboard; path = Reusables.storyboard; sourceTree = "<group>"; };
		3EDE5210208A1F5700D3330A /* Social.storyboard */ = {isa = PBXFileReference; lastKnownFileType = file.storyboard; path = Social.storyboard; sourceTree = "<group>"; };
		3EFC4D9C208A73F4003D0C33 /* PeopleVC.h */ = {isa = PBXFileReference; lastKnownFileType = sourcecode.c.h; path = PeopleVC.h; sourceTree = "<group>"; };
		3EFC4D9D208A73F4003D0C33 /* PeopleVC.m */ = {isa = PBXFileReference; lastKnownFileType = sourcecode.c.objc; path = PeopleVC.m; sourceTree = "<group>"; };
		3EFC4DA2208A8462003D0C33 /* UserCell.h */ = {isa = PBXFileReference; lastKnownFileType = sourcecode.c.h; path = UserCell.h; sourceTree = "<group>"; };
		3EFC4DA3208A8462003D0C33 /* UserCell.m */ = {isa = PBXFileReference; lastKnownFileType = sourcecode.c.objc; path = UserCell.m; sourceTree = "<group>"; };
		3EFC4DA4208A8462003D0C33 /* UserCell.xib */ = {isa = PBXFileReference; lastKnownFileType = file.xib; path = UserCell.xib; sourceTree = "<group>"; };
		3EFC4DA7208B149C003D0C33 /* PeopleTVCDataSource.h */ = {isa = PBXFileReference; lastKnownFileType = sourcecode.c.h; path = PeopleTVCDataSource.h; sourceTree = "<group>"; };
		3EFC4DA8208B149C003D0C33 /* PeopleTVCDataSource.m */ = {isa = PBXFileReference; lastKnownFileType = sourcecode.c.objc; path = PeopleTVCDataSource.m; sourceTree = "<group>"; };
		3EFC4DAA208D17AF003D0C33 /* PendingRequest.h */ = {isa = PBXFileReference; lastKnownFileType = sourcecode.c.h; path = PendingRequest.h; sourceTree = "<group>"; };
		3EFC4DAB208D17AF003D0C33 /* PendingRequest.m */ = {isa = PBXFileReference; lastKnownFileType = sourcecode.c.objc; path = PendingRequest.m; sourceTree = "<group>"; };
		3EFC4DAC208D17AF003D0C33 /* PendingRequest.xib */ = {isa = PBXFileReference; lastKnownFileType = file.xib; path = PendingRequest.xib; sourceTree = "<group>"; };
		3EFC4DB4208D1A4E003D0C33 /* RequestsTVC.h */ = {isa = PBXFileReference; lastKnownFileType = sourcecode.c.h; path = RequestsTVC.h; sourceTree = "<group>"; };
		3EFC4DB5208D1A4E003D0C33 /* RequestsTVC.m */ = {isa = PBXFileReference; lastKnownFileType = sourcecode.c.objc; path = RequestsTVC.m; sourceTree = "<group>"; };
		3EFC4DB7208D20E9003D0C33 /* ReceivedRequest.h */ = {isa = PBXFileReference; lastKnownFileType = sourcecode.c.h; path = ReceivedRequest.h; sourceTree = "<group>"; };
		3EFC4DB8208D20E9003D0C33 /* ReceivedRequest.m */ = {isa = PBXFileReference; lastKnownFileType = sourcecode.c.objc; path = ReceivedRequest.m; sourceTree = "<group>"; };
		3EFC4DB9208D20E9003D0C33 /* ReceivedRequest.xib */ = {isa = PBXFileReference; lastKnownFileType = file.xib; path = ReceivedRequest.xib; sourceTree = "<group>"; };
		3EFC4DBC208DC744003D0C33 /* Request.h */ = {isa = PBXFileReference; lastKnownFileType = sourcecode.c.h; path = Request.h; sourceTree = "<group>"; };
		3EFC4DBD208DC744003D0C33 /* Request.m */ = {isa = PBXFileReference; lastKnownFileType = sourcecode.c.objc; path = Request.m; sourceTree = "<group>"; };
		3EFC4DBF208DE050003D0C33 /* RequestCellModel.h */ = {isa = PBXFileReference; lastKnownFileType = sourcecode.c.h; path = RequestCellModel.h; sourceTree = "<group>"; };
		3EFC4DC0208DE050003D0C33 /* RequestCellModel.m */ = {isa = PBXFileReference; lastKnownFileType = sourcecode.c.objc; path = RequestCellModel.m; sourceTree = "<group>"; };
		3EFC4DC2208DFCA9003D0C33 /* RequestsTVCDataSource.h */ = {isa = PBXFileReference; lastKnownFileType = sourcecode.c.h; path = RequestsTVCDataSource.h; sourceTree = "<group>"; };
		3EFC4DC3208DFCA9003D0C33 /* RequestsTVCDataSource.m */ = {isa = PBXFileReference; lastKnownFileType = sourcecode.c.objc; path = RequestsTVCDataSource.m; sourceTree = "<group>"; };
		C50EBEE3769E98A9A27FD5D9 /* libPods-Readoop.a */ = {isa = PBXFileReference; explicitFileType = archive.ar; includeInIndex = 0; path = "libPods-Readoop.a"; sourceTree = BUILT_PRODUCTS_DIR; };
/* End PBXFileReference section */

/* Begin PBXFrameworksBuildPhase section */
		2D7D2FB7203C8EE7005E689B /* Frameworks */ = {
			isa = PBXFrameworksBuildPhase;
			buildActionMask = 2147483647;
			files = (
				EFAB725FF27F5BD4CDA44F72 /* libPods-Readoop.a in Frameworks */,
			);
			runOnlyForDeploymentPostprocessing = 0;
		};
/* End PBXFrameworksBuildPhase section */

/* Begin PBXGroup section */
		2D7D2FB1203C8EE7005E689B = {
			isa = PBXGroup;
			children = (
				2D7D2FBC203C8EE7005E689B /* Readoop */,
				2D7D2FBB203C8EE7005E689B /* Products */,
				78ED85CCFA4A02E1CAE71CDF /* Frameworks */,
				ED259A6C9717C43E0DA3F069 /* Pods */,
			);
			sourceTree = "<group>";
		};
		2D7D2FBB203C8EE7005E689B /* Products */ = {
			isa = PBXGroup;
			children = (
				2D7D2FBA203C8EE7005E689B /* Readoop.app */,
			);
			name = Products;
			sourceTree = "<group>";
		};
		2D7D2FBC203C8EE7005E689B /* Readoop */ = {
			isa = PBXGroup;
			children = (
				3E734ADC2062E85A00C54EBC /* Persistence */,
				3ECBC49B203CD3A5001A263D /* Resources */,
				2D7D2FD4203C8F19005E689B /* Storyboards */,
				2D7D2FD3203C8F10005E689B /* ViewControllers */,
				2D7D2FBD203C8EE7005E689B /* AppDelegate.h */,
				2D7D2FBE203C8EE7005E689B /* AppDelegate.m */,
				2D7D2FC6203C8EE7005E689B /* Assets.xcassets */,
				2D7D2FCB203C8EE7005E689B /* Info.plist */,
				2D7D2FCC203C8EE7005E689B /* main.m */,
			);
			path = Readoop;
			sourceTree = "<group>";
		};
		2D7D2FD3203C8F10005E689B /* ViewControllers */ = {
			isa = PBXGroup;
			children = (
				3EDE52052086834700D3330A /* Reusables */,
				3E895B09206960460091FD3C /* DataSources */,
				3ED979D6206675F300B00F13 /* Cells */,
				3ED979CF2066754900B00F13 /* Models */,
				3E59F8B6205DC73400D6FD5A /* Essentials.h */,
				3ECBC496203CCECC001A263D /* Initial */,
				3ECBC495203CCEBD001A263D /* Tabbed */,
			);
			path = ViewControllers;
			sourceTree = "<group>";
		};
		2D7D2FD4203C8F19005E689B /* Storyboards */ = {
			isa = PBXGroup;
			children = (
				3E366DA5204817BF008B9CF7 /* Profile.storyboard */,
				3ECBC484203CB86F001A263D /* Initial.storyboard */,
				3E366D9F204804EE008B9CF7 /* Modular.storyboard */,
				3E366DA720485639008B9CF7 /* LaunchScreen.storyboard */,
				3E59F89F205BD8D200D6FD5A /* Dashboard.storyboard */,
				3EDE520E2086880900D3330A /* Reusables.storyboard */,
				3EDE5210208A1F5700D3330A /* Social.storyboard */,
			);
			path = Storyboards;
			sourceTree = "<group>";
		};
		3E734ADC2062E85A00C54EBC /* Persistence */ = {
			isa = PBXGroup;
			children = (
				3E9F65C720E6D4AE0038CA2A /* API */,
				3E734AE62062E8A600C54EBC /* Realm Models */,
				3E734ADD2062E87500C54EBC /* ServerPersistence.h */,
				3E734ADE2062E87500C54EBC /* ServerPersistence.m */,
				3E734AE02062E88400C54EBC /* RealmUtils.h */,
				3E734AE12062E88400C54EBC /* RealmUtils.m */,
				3E734AE32062E89500C54EBC /* RealmConfig.h */,
				3E734AE42062E89500C54EBC /* RealmConfig.m */,
				3ED979CC2063E94400B00F13 /* UserDefaultsManager.h */,
				3ED979CD2063E94400B00F13 /* UserDefaultsManager.m */,
			);
			path = Persistence;
			sourceTree = "<group>";
		};
		3E734AE62062E8A600C54EBC /* Realm Models */ = {
			isa = PBXGroup;
			children = (
				3EC234AE2062EFEC0029225D /* Post.h */,
				3EC234AF2062EFEC0029225D /* Post.m */,
				3EC234B12062EFF80029225D /* Comment.h */,
				3EC234B22062EFF80029225D /* Comment.m */,
				3EC234B42062F0040029225D /* Book.h */,
				3EC234B52062F0040029225D /* Book.m */,
				3EC234B72062F00E0029225D /* User.h */,
				3EC234B82062F00E0029225D /* User.m */,
				3EFC4DBC208DC744003D0C33 /* Request.h */,
				3EFC4DBD208DC744003D0C33 /* Request.m */,
				3E3CCBA220A84C430069350D /* BookRate.h */,
				3E3CCBA320A84C430069350D /* BookRate.m */,
				3E4EDACC20AFFBF300FD0205 /* Writing.h */,
				3E4EDACD20AFFBF300FD0205 /* Writing.m */,
			);
			path = "Realm Models";
			sourceTree = "<group>";
		};
		3E895B09206960460091FD3C /* DataSources */ = {
			isa = PBXGroup;
			children = (
				3E895B0A206960600091FD3C /* ProfileTVCDataSource.h */,
				3E895B0B206960600091FD3C /* ProfileTVCDataSource.m */,
				3EFC4DA7208B149C003D0C33 /* PeopleTVCDataSource.h */,
				3EFC4DA8208B149C003D0C33 /* PeopleTVCDataSource.m */,
				3EFC4DC2208DFCA9003D0C33 /* RequestsTVCDataSource.h */,
				3EFC4DC3208DFCA9003D0C33 /* RequestsTVCDataSource.m */,
				3EAC24652097204E00D1AED5 /* FeedTVCDataSource.h */,
				3EAC24662097204E00D1AED5 /* FeedTVCDataSource.m */,
				3E7C99EE20A96CB600B3174A /* LibraryTVCDataSource.h */,
				3E7C99EF20A96CB600B3174A /* LibraryTVCDataSource.m */,
			);
			path = DataSources;
			sourceTree = "<group>";
		};
		3E9F65C720E6D4AE0038CA2A /* API */ = {
			isa = PBXGroup;
			children = (
				3E9F65C820E6D4D00038CA2A /* URLSessionManager.h */,
				3E9F65C920E6D4D00038CA2A /* URLSessionManager.m */,
				3E9F65CB20E76E800038CA2A /* NetworkingConfig.h */,
				3E9F65CC20E76E800038CA2A /* NetworkingConfig.m */,
			);
			path = API;
			sourceTree = "<group>";
		};
		3ECBC486203CB894001A263D /* ViewsResources */ = {
			isa = PBXGroup;
			children = (
				2D7D2FD8203C91FF005E689B /* ViewController.h */,
				2D7D2FD9203C91FF005E689B /* ViewController.m */,
				3E366D972044864B008B9CF7 /* Navigation.h */,
				3E366D982044864B008B9CF7 /* Navigation.m */,
			);
			path = ViewsResources;
			sourceTree = "<group>";
		};
		3ECBC495203CCEBD001A263D /* Tabbed */ = {
			isa = PBXGroup;
			children = (
				3ED979E520680DB400B00F13 /* Feed */,
				3ED979E420680DAD00B00F13 /* Library */,
				3ED979E320680DA800B00F13 /* Social */,
				3ED979E220680DA300B00F13 /* Profile */,
				3E59F8A1205BD94800D6FD5A /* DashboardTabbed.h */,
				3E59F8A2205BD94800D6FD5A /* DashboardTabbed.m */,
				3E59F8BA205E8BCE00D6FD5A /* TesViewController.h */,
				3E59F8BB205E8BCE00D6FD5A /* TesViewController.m */,
				3ED979EA20684EE500B00F13 /* ContainerViewController.h */,
				3ED979EB20684EE500B00F13 /* ContainerViewController.m */,
			);
			path = Tabbed;
			sourceTree = "<group>";
		};
		3ECBC496203CCECC001A263D /* Initial */ = {
			isa = PBXGroup;
			children = (
				2D7D2FD5203C90FF005E689B /* AnimationViewController.h */,
				2D7D2FD6203C90FF005E689B /* AnimationViewController.m */,
				3ECBC492203CBB37001A263D /* ProfileViewController.h */,
				3ECBC493203CBB37001A263D /* ProfileViewController.m */,
				3E366DAC204C76ED008B9CF7 /* RegisterViewController.h */,
				3E366DAD204C76ED008B9CF7 /* RegisterViewController.m */,
			);
			path = Initial;
			sourceTree = "<group>";
		};
		3ECBC49B203CD3A5001A263D /* Resources */ = {
			isa = PBXGroup;
			children = (
				3ECBC486203CB894001A263D /* ViewsResources */,
				3ECBC487203CB8B7001A263D /* Color.h */,
				3ECBC488203CB8B7001A263D /* Color.m */,
				3ECBC48A203CB8CD001A263D /* AppLabels.h */,
				3ECBC48B203CB8CD001A263D /* AppLabels.m */,
				3ECBC49C203CD3BC001A263D /* Fonts */,
				3E50A89B20542EC9007CB900 /* AlertUtils.h */,
				3E50A89C20542EC9007CB900 /* AlertUtils.m */,
				3E50A8A420552E84007CB900 /* NSString+FontAwesome.h */,
				3E50A8A520552E84007CB900 /* NSString+FontAwesome.m */,
				3E59F8A4205BFB6700D6FD5A /* UIImage+FontAwesome.h */,
				3E59F8A5205BFB6700D6FD5A /* UIImage+FontAwesome.m */,
				3E59F8A7205BFE1400D6FD5A /* Font.h */,
				3E59F8A8205BFE1400D6FD5A /* Font.m */,
				3E59F8B7205E845600D6FD5A /* Session.h */,
				3E59F8B8205E845600D6FD5A /* Session.m */,
				3E0635DC2077AA2B001D0A09 /* ViewUtils.h */,
				3E0635DD2077AA2B001D0A09 /* ViewUtils.m */,
			);
			path = Resources;
			sourceTree = "<group>";
		};
		3ECBC49C203CD3BC001A263D /* Fonts */ = {
			isa = PBXGroup;
			children = (
				3E59F89D205579F000D6FD5A /* FontAwesome.ttf */,
				3E50A89E2055286C007CB900 /* ionicons.ttf */,
				3ECBC499203CD394001A263D /* Bariol_Regular_Italic.otf */,
				3ECBC497203CD37B001A263D /* Bariol_Regular.otf */,
			);
			path = Fonts;
			sourceTree = "<group>";
		};
		3ED979CF2066754900B00F13 /* Models */ = {
			isa = PBXGroup;
			children = (
				3E895B0D206960A30091FD3C /* CellModel.h */,
				3E895B0E206960A30091FD3C /* CellModel.m */,
				3EFC4DBF208DE050003D0C33 /* RequestCellModel.h */,
				3EFC4DC0208DE050003D0C33 /* RequestCellModel.m */,
				3E7C99EB20A96A7500B3174A /* BookModel.h */,
				3E7C99EC20A96A7500B3174A /* BookModel.m */,
				3E2AC47D20E904C80096D12D /* WritingModel.h */,
				3E2AC47E20E904C80096D12D /* WritingModel.m */,
			);
			path = Models;
			sourceTree = "<group>";
		};
		3ED979D6206675F300B00F13 /* Cells */ = {
			isa = PBXGroup;
			children = (
				3ED979D720667A0200B00F13 /* ProfilePresentationCell.xib */,
				3ED979D920667A5600B00F13 /* ProfilePresentationCell.h */,
				3ED979DA20667A5600B00F13 /* ProfilePresentationCell.m */,
				3E895B0420695E3A0091FD3C /* ProfileCell.xib */,
				3E895B0620695E610091FD3C /* ProfileCell.h */,
				3E895B0720695E610091FD3C /* ProfileCell.m */,
				3EFC4DA2208A8462003D0C33 /* UserCell.h */,
				3EFC4DA3208A8462003D0C33 /* UserCell.m */,
				3EFC4DA4208A8462003D0C33 /* UserCell.xib */,
				3EFC4DAA208D17AF003D0C33 /* PendingRequest.h */,
				3EFC4DAB208D17AF003D0C33 /* PendingRequest.m */,
				3EFC4DAC208D17AF003D0C33 /* PendingRequest.xib */,
				3EFC4DB7208D20E9003D0C33 /* ReceivedRequest.h */,
				3EFC4DB8208D20E9003D0C33 /* ReceivedRequest.m */,
				3EFC4DB9208D20E9003D0C33 /* ReceivedRequest.xib */,
				3EAC24682097207900D1AED5 /* FeedPostCell.h */,
				3EAC24692097207900D1AED5 /* FeedPostCell.m */,
				3EAC246A2097207900D1AED5 /* FeedPostCell.xib */,
				3E3CCBA520A84FF10069350D /* BookCell.h */,
				3E3CCBA620A84FF10069350D /* BookCell.m */,
				3E3CCBA720A84FF10069350D /* BookCell.xib */,
				3E3CCBAA20A850150069350D /* WritingCell.h */,
				3E3CCBAB20A850150069350D /* WritingCell.m */,
				3E3CCBAC20A850150069350D /* WritingCell.xib */,
			);
			path = Cells;
			sourceTree = "<group>";
		};
		3ED979E220680DA300B00F13 /* Profile */ = {
			isa = PBXGroup;
			children = (
				3E59F8AA205C3BE900D6FD5A /* ProfileDashboard.h */,
				3E59F8AB205C3BEA00D6FD5A /* ProfileDashboard.m */,
				3E0635D320777576001D0A09 /* ChangePasswordVC.h */,
				3E0635D420777576001D0A09 /* ChangePasswordVC.m */,
				3E0635D6207775C1001D0A09 /* EditProfileVC.h */,
				3E0635D7207775C1001D0A09 /* EditProfileVC.m */,
				3E0635D9207775DE001D0A09 /* AdditionalInfoVC.h */,
				3E0635DA207775DE001D0A09 /* AdditionalInfoVC.m */,
				3E0635DF207F47CE001D0A09 /* AvatarChangeVC.h */,
				3E0635E0207F47CE001D0A09 /* AvatarChangeVC.m */,
				3EDE52042086820800D3330A /* ProfileDashboardDelegateProtocol.h */,
				3EFC4DB4208D1A4E003D0C33 /* RequestsTVC.h */,
				3EFC4DB5208D1A4E003D0C33 /* RequestsTVC.m */,
			);
			path = Profile;
			sourceTree = "<group>";
		};
		3ED979E320680DA800B00F13 /* Social */ = {
			isa = PBXGroup;
			children = (
				3EFC4D9C208A73F4003D0C33 /* PeopleVC.h */,
				3EFC4D9D208A73F4003D0C33 /* PeopleVC.m */,
			);
			path = Social;
			sourceTree = "<group>";
		};
		3ED979E420680DAD00B00F13 /* Library */ = {
			isa = PBXGroup;
			children = (
				3EAC24702098D07800D1AED5 /* LibraryVC.h */,
				3EAC24712098D07800D1AED5 /* LibraryVC.m */,
				3E4EDACF20B0547B00FD0205 /* BookDetailsVC.h */,
				3E4EDAD020B0547B00FD0205 /* BookDetailsVC.m */,
				3E4EDAD220B0549000FD0205 /* WritingDetailsVC.h */,
				3E4EDAD320B0549000FD0205 /* WritingDetailsVC.m */,
			);
			path = Library;
			sourceTree = "<group>";
		};
		3ED979E520680DB400B00F13 /* Feed */ = {
			isa = PBXGroup;
			children = (
				3EAC24622096305600D1AED5 /* FeedVC.h */,
				3EAC24632096305600D1AED5 /* FeedVC.m */,
			);
			path = Feed;
			sourceTree = "<group>";
		};
		3EDE52052086834700D3330A /* Reusables */ = {
			isa = PBXGroup;
			children = (
				3EDE52082086838A00D3330A /* UserPresentationVC.h */,
				3EDE52092086838A00D3330A /* UserPresentationVC.m */,
				3EDE520B208683A400D3330A /* BookPresentationVC.h */,
				3EDE520C208683A400D3330A /* BookPresentationVC.m */,
			);
			path = Reusables;
			sourceTree = "<group>";
		};
		78ED85CCFA4A02E1CAE71CDF /* Frameworks */ = {
			isa = PBXGroup;
			children = (
				C50EBEE3769E98A9A27FD5D9 /* libPods-Readoop.a */,
			);
			name = Frameworks;
			sourceTree = "<group>";
		};
		ED259A6C9717C43E0DA3F069 /* Pods */ = {
			isa = PBXGroup;
			children = (
				36B05A971F5547FB89CE10F0 /* Pods-Readoop.debug.xcconfig */,
				0F505B3BD4145ECC2A5BB12D /* Pods-Readoop.release.xcconfig */,
			);
			name = Pods;
			sourceTree = "<group>";
		};
/* End PBXGroup section */

/* Begin PBXNativeTarget section */
		2D7D2FB9203C8EE7005E689B /* Readoop */ = {
			isa = PBXNativeTarget;
			buildConfigurationList = 2D7D2FD0203C8EE7005E689B /* Build configuration list for PBXNativeTarget "Readoop" */;
			buildPhases = (
				749AAD5F4118CC5518EEE566 /* [CP] Check Pods Manifest.lock */,
				2D7D2FB6203C8EE7005E689B /* Sources */,
				2D7D2FB7203C8EE7005E689B /* Frameworks */,
				2D7D2FB8203C8EE7005E689B /* Resources */,
				6FD28845D3556B39213BC48E /* [CP] Embed Pods Frameworks */,
				CEB70EE4B75523D7EEFACE04 /* [CP] Copy Pods Resources */,
			);
			buildRules = (
			);
			dependencies = (
			);
			name = Readoop;
			productName = Readoop;
			productReference = 2D7D2FBA203C8EE7005E689B /* Readoop.app */;
			productType = "com.apple.product-type.application";
		};
/* End PBXNativeTarget section */

/* Begin PBXProject section */
		2D7D2FB2203C8EE7005E689B /* Project object */ = {
			isa = PBXProject;
			attributes = {
				LastUpgradeCheck = 0910;
				ORGANIZATIONNAME = "Marin Chitan";
				TargetAttributes = {
					2D7D2FB9203C8EE7005E689B = {
						CreatedOnToolsVersion = 9.1;
						ProvisioningStyle = Automatic;
					};
				};
			};
			buildConfigurationList = 2D7D2FB5203C8EE7005E689B /* Build configuration list for PBXProject "Readoop" */;
			compatibilityVersion = "Xcode 8.0";
			developmentRegion = en;
			hasScannedForEncodings = 0;
			knownRegions = (
				en,
				Base,
			);
			mainGroup = 2D7D2FB1203C8EE7005E689B;
			productRefGroup = 2D7D2FBB203C8EE7005E689B /* Products */;
			projectDirPath = "";
			projectRoot = "";
			targets = (
				2D7D2FB9203C8EE7005E689B /* Readoop */,
			);
		};
/* End PBXProject section */

/* Begin PBXResourcesBuildPhase section */
		2D7D2FB8203C8EE7005E689B /* Resources */ = {
			isa = PBXResourcesBuildPhase;
			buildActionMask = 2147483647;
			files = (
				3E366DA6204817BF008B9CF7 /* Profile.storyboard in Resources */,
				3EFC4DAE208D17AF003D0C33 /* PendingRequest.xib in Resources */,
				3EFC4DBB208D20E9003D0C33 /* ReceivedRequest.xib in Resources */,
				3EDE5211208A1F5700D3330A /* Social.storyboard in Resources */,
				3E59F8A0205BD8D300D6FD5A /* Dashboard.storyboard in Resources */,
				3ECBC49A203CD394001A263D /* Bariol_Regular_Italic.otf in Resources */,
				3ED979D820667A0200B00F13 /* ProfilePresentationCell.xib in Resources */,
				3EAC246C2097207900D1AED5 /* FeedPostCell.xib in Resources */,
				3E3CCBAE20A850150069350D /* WritingCell.xib in Resources */,
				3E50A89F2055286C007CB900 /* ionicons.ttf in Resources */,
				2D7D2FC7203C8EE7005E689B /* Assets.xcassets in Resources */,
				3E366DA0204804EE008B9CF7 /* Modular.storyboard in Resources */,
				3E59F89E205579F000D6FD5A /* FontAwesome.ttf in Resources */,
				3E366DA82048563A008B9CF7 /* LaunchScreen.storyboard in Resources */,
				3EDE520F2086880900D3330A /* Reusables.storyboard in Resources */,
				3E895B0520695E3A0091FD3C /* ProfileCell.xib in Resources */,
				3ECBC485203CB86F001A263D /* Initial.storyboard in Resources */,
				3E3CCBA920A84FF10069350D /* BookCell.xib in Resources */,
				3ECBC498203CD37B001A263D /* Bariol_Regular.otf in Resources */,
				3EFC4DA6208A8462003D0C33 /* UserCell.xib in Resources */,
			);
			runOnlyForDeploymentPostprocessing = 0;
		};
/* End PBXResourcesBuildPhase section */

/* Begin PBXShellScriptBuildPhase section */
		6FD28845D3556B39213BC48E /* [CP] Embed Pods Frameworks */ = {
			isa = PBXShellScriptBuildPhase;
			buildActionMask = 2147483647;
			files = (
			);
			inputPaths = (
			);
			name = "[CP] Embed Pods Frameworks";
			outputPaths = (
			);
			runOnlyForDeploymentPostprocessing = 0;
			shellPath = /bin/sh;
			shellScript = "\"${SRCROOT}/Pods/Target Support Files/Pods-Readoop/Pods-Readoop-frameworks.sh\"\n";
			showEnvVarsInLog = 0;
		};
		749AAD5F4118CC5518EEE566 /* [CP] Check Pods Manifest.lock */ = {
			isa = PBXShellScriptBuildPhase;
			buildActionMask = 2147483647;
			files = (
			);
			inputPaths = (
				"${PODS_PODFILE_DIR_PATH}/Podfile.lock",
				"${PODS_ROOT}/Manifest.lock",
			);
			name = "[CP] Check Pods Manifest.lock";
			outputPaths = (
				"$(DERIVED_FILE_DIR)/Pods-Readoop-checkManifestLockResult.txt",
			);
			runOnlyForDeploymentPostprocessing = 0;
			shellPath = /bin/sh;
			shellScript = "diff \"${PODS_PODFILE_DIR_PATH}/Podfile.lock\" \"${PODS_ROOT}/Manifest.lock\" > /dev/null\nif [ $? != 0 ] ; then\n    # print error to STDERR\n    echo \"error: The sandbox is not in sync with the Podfile.lock. Run 'pod install' or update your CocoaPods installation.\" >&2\n    exit 1\nfi\n# This output is used by Xcode 'outputs' to avoid re-running this script phase.\necho \"SUCCESS\" > \"${SCRIPT_OUTPUT_FILE_0}\"\n";
			showEnvVarsInLog = 0;
		};
		CEB70EE4B75523D7EEFACE04 /* [CP] Copy Pods Resources */ = {
			isa = PBXShellScriptBuildPhase;
			buildActionMask = 2147483647;
			files = (
			);
			inputPaths = (
				"${SRCROOT}/Pods/Target Support Files/Pods-Readoop/Pods-Readoop-resources.sh",
				$PODS_CONFIGURATION_BUILD_DIR/EHPlainAlert/EHPlainAlert.bundle,
				"${PODS_ROOT}/FontAwesomeIconFactory/Font-Awesome/fonts/FontAwesome.otf",
				"${PODS_ROOT}/ionicons/ionicons/ionicons.bundle",
			);
			name = "[CP] Copy Pods Resources";
			outputPaths = (
				"${TARGET_BUILD_DIR}/${UNLOCALIZED_RESOURCES_FOLDER_PATH}",
			);
			runOnlyForDeploymentPostprocessing = 0;
			shellPath = /bin/sh;
			shellScript = "\"${SRCROOT}/Pods/Target Support Files/Pods-Readoop/Pods-Readoop-resources.sh\"\n";
			showEnvVarsInLog = 0;
		};
/* End PBXShellScriptBuildPhase section */

/* Begin PBXSourcesBuildPhase section */
		2D7D2FB6203C8EE7005E689B /* Sources */ = {
			isa = PBXSourcesBuildPhase;
			buildActionMask = 2147483647;
			files = (
				3ED979CE2063E94400B00F13 /* UserDefaultsManager.m in Sources */,
				3E2AC47F20E904C80096D12D /* WritingModel.m in Sources */,
				3ED979DB20667A5600B00F13 /* ProfilePresentationCell.m in Sources */,
				3E7C99ED20A96A7500B3174A /* BookModel.m in Sources */,
				3EC234B62062F0040029225D /* Book.m in Sources */,
				2D7D2FD7203C90FF005E689B /* AnimationViewController.m in Sources */,
				3EC234B92062F00E0029225D /* User.m in Sources */,
				3E3CCBA420A84C430069350D /* BookRate.m in Sources */,
				3E7C99F020A96CB600B3174A /* LibraryTVCDataSource.m in Sources */,
				3E59F8BC205E8BCE00D6FD5A /* TesViewController.m in Sources */,
				3E0635DE2077AA2B001D0A09 /* ViewUtils.m in Sources */,
				3E0635D8207775C1001D0A09 /* EditProfileVC.m in Sources */,
				2D7D2FCD203C8EE7005E689B /* main.m in Sources */,
				3E734AE22062E88400C54EBC /* RealmUtils.m in Sources */,
				3EFC4DBA208D20E9003D0C33 /* ReceivedRequest.m in Sources */,
				3E50A89D20542EC9007CB900 /* AlertUtils.m in Sources */,
				3ECBC489203CB8B7001A263D /* Color.m in Sources */,
				3EAC246B2097207900D1AED5 /* FeedPostCell.m in Sources */,
				3EC234B02062EFEC0029225D /* Post.m in Sources */,
				3EFC4DBE208DC744003D0C33 /* Request.m in Sources */,
				3E50A8A620552E84007CB900 /* NSString+FontAwesome.m in Sources */,
				3E734ADF2062E87500C54EBC /* ServerPersistence.m in Sources */,
				2D7D2FDA203C91FF005E689B /* ViewController.m in Sources */,
				3EFC4D9E208A73F4003D0C33 /* PeopleVC.m in Sources */,
				3EDE520A2086838A00D3330A /* UserPresentationVC.m in Sources */,
				3E0635E1207F47CE001D0A09 /* AvatarChangeVC.m in Sources */,
				3EC234B32062EFF80029225D /* Comment.m in Sources */,
				3E9F65CA20E6D4D00038CA2A /* URLSessionManager.m in Sources */,
				3E0635D520777576001D0A09 /* ChangePasswordVC.m in Sources */,
				3ED979EC20684EE500B00F13 /* ContainerViewController.m in Sources */,
				3E4EDAD420B0549000FD0205 /* WritingDetailsVC.m in Sources */,
				3E895B0F206960A30091FD3C /* CellModel.m in Sources */,
				3E366DAE204C76ED008B9CF7 /* RegisterViewController.m in Sources */,
				3ECBC494203CBB37001A263D /* ProfileViewController.m in Sources */,
				3ECBC48C203CB8CD001A263D /* AppLabels.m in Sources */,
				3E4EDACE20AFFBF300FD0205 /* Writing.m in Sources */,
				3E59F8A6205BFB6800D6FD5A /* UIImage+FontAwesome.m in Sources */,
				3E734AE52062E89500C54EBC /* RealmConfig.m in Sources */,
				3E895B0820695E610091FD3C /* ProfileCell.m in Sources */,
				2D7D2FBF203C8EE7005E689B /* AppDelegate.m in Sources */,
				3E9F65CD20E76E800038CA2A /* NetworkingConfig.m in Sources */,
				3EFC4DAD208D17AF003D0C33 /* PendingRequest.m in Sources */,
				3EAC24672097204E00D1AED5 /* FeedTVCDataSource.m in Sources */,
				3E3CCBA820A84FF10069350D /* BookCell.m in Sources */,
				3E895B0C206960600091FD3C /* ProfileTVCDataSource.m in Sources */,
				3E59F8B9205E845600D6FD5A /* Session.m in Sources */,
				3EFC4DB6208D1A4E003D0C33 /* RequestsTVC.m in Sources */,
				3EAC24722098D07800D1AED5 /* LibraryVC.m in Sources */,
				3EFC4DC4208DFCA9003D0C33 /* RequestsTVCDataSource.m in Sources */,
				3EFC4DA9208B149C003D0C33 /* PeopleTVCDataSource.m in Sources */,
				3E0635DB207775DE001D0A09 /* AdditionalInfoVC.m in Sources */,
				3EFC4DC1208DE050003D0C33 /* RequestCellModel.m in Sources */,
				3E4EDAD120B0547B00FD0205 /* BookDetailsVC.m in Sources */,
				3E59F8A3205BD94800D6FD5A /* DashboardTabbed.m in Sources */,
				3EDE520D208683A400D3330A /* BookPresentationVC.m in Sources */,
				3E3CCBAD20A850150069350D /* WritingCell.m in Sources */,
				3EAC24642096305600D1AED5 /* FeedVC.m in Sources */,
				3E59F8A9205BFE1400D6FD5A /* Font.m in Sources */,
				3E59F8AC205C3BEA00D6FD5A /* ProfileDashboard.m in Sources */,
				3EFC4DA5208A8462003D0C33 /* UserCell.m in Sources */,
				3E366D992044864B008B9CF7 /* Navigation.m in Sources */,
			);
			runOnlyForDeploymentPostprocessing = 0;
		};
/* End PBXSourcesBuildPhase section */

/* Begin XCBuildConfiguration section */
		2D7D2FCE203C8EE7005E689B /* Debug */ = {
			isa = XCBuildConfiguration;
			buildSettings = {
				ALWAYS_SEARCH_USER_PATHS = NO;
				CLANG_ANALYZER_NONNULL = YES;
				CLANG_ANALYZER_NUMBER_OBJECT_CONVERSION = YES_AGGRESSIVE;
				CLANG_CXX_LANGUAGE_STANDARD = "gnu++14";
				CLANG_CXX_LIBRARY = "libc++";
				CLANG_ENABLE_MODULES = YES;
				CLANG_ENABLE_OBJC_ARC = YES;
				CLANG_WARN_BLOCK_CAPTURE_AUTORELEASING = YES;
				CLANG_WARN_BOOL_CONVERSION = YES;
				CLANG_WARN_COMMA = YES;
				CLANG_WARN_CONSTANT_CONVERSION = YES;
				CLANG_WARN_DIRECT_OBJC_ISA_USAGE = YES_ERROR;
				CLANG_WARN_DOCUMENTATION_COMMENTS = YES;
				CLANG_WARN_EMPTY_BODY = YES;
				CLANG_WARN_ENUM_CONVERSION = YES;
				CLANG_WARN_INFINITE_RECURSION = YES;
				CLANG_WARN_INT_CONVERSION = YES;
				CLANG_WARN_NON_LITERAL_NULL_CONVERSION = YES;
				CLANG_WARN_OBJC_LITERAL_CONVERSION = YES;
				CLANG_WARN_OBJC_ROOT_CLASS = YES_ERROR;
				CLANG_WARN_RANGE_LOOP_ANALYSIS = YES;
				CLANG_WARN_STRICT_PROTOTYPES = YES;
				CLANG_WARN_SUSPICIOUS_MOVE = YES;
				CLANG_WARN_UNGUARDED_AVAILABILITY = YES_AGGRESSIVE;
				CLANG_WARN_UNREACHABLE_CODE = YES;
				CLANG_WARN__DUPLICATE_METHOD_MATCH = YES;
				CODE_SIGN_IDENTITY = "iPhone Developer";
				COPY_PHASE_STRIP = NO;
				DEBUG_INFORMATION_FORMAT = dwarf;
				ENABLE_STRICT_OBJC_MSGSEND = YES;
				ENABLE_TESTABILITY = YES;
				GCC_C_LANGUAGE_STANDARD = gnu11;
				GCC_DYNAMIC_NO_PIC = NO;
				GCC_NO_COMMON_BLOCKS = YES;
				GCC_OPTIMIZATION_LEVEL = 0;
				GCC_PREPROCESSOR_DEFINITIONS = (
					"DEBUG=1",
					"$(inherited)",
				);
				GCC_WARN_64_TO_32_BIT_CONVERSION = YES;
				GCC_WARN_ABOUT_DEPRECATED_FUNCTIONS = NO;
				GCC_WARN_ABOUT_RETURN_TYPE = YES_ERROR;
				GCC_WARN_UNDECLARED_SELECTOR = YES;
				GCC_WARN_UNINITIALIZED_AUTOS = YES_AGGRESSIVE;
				GCC_WARN_UNUSED_FUNCTION = YES;
				GCC_WARN_UNUSED_VARIABLE = YES;
				IPHONEOS_DEPLOYMENT_TARGET = 11.1;
				MTL_ENABLE_DEBUG_INFO = YES;
				ONLY_ACTIVE_ARCH = YES;
				SDKROOT = iphoneos;
			};
			name = Debug;
		};
		2D7D2FCF203C8EE7005E689B /* Release */ = {
			isa = XCBuildConfiguration;
			buildSettings = {
				ALWAYS_SEARCH_USER_PATHS = NO;
				CLANG_ANALYZER_NONNULL = YES;
				CLANG_ANALYZER_NUMBER_OBJECT_CONVERSION = YES_AGGRESSIVE;
				CLANG_CXX_LANGUAGE_STANDARD = "gnu++14";
				CLANG_CXX_LIBRARY = "libc++";
				CLANG_ENABLE_MODULES = YES;
				CLANG_ENABLE_OBJC_ARC = YES;
				CLANG_WARN_BLOCK_CAPTURE_AUTORELEASING = YES;
				CLANG_WARN_BOOL_CONVERSION = YES;
				CLANG_WARN_COMMA = YES;
				CLANG_WARN_CONSTANT_CONVERSION = YES;
				CLANG_WARN_DIRECT_OBJC_ISA_USAGE = YES_ERROR;
				CLANG_WARN_DOCUMENTATION_COMMENTS = YES;
				CLANG_WARN_EMPTY_BODY = YES;
				CLANG_WARN_ENUM_CONVERSION = YES;
				CLANG_WARN_INFINITE_RECURSION = YES;
				CLANG_WARN_INT_CONVERSION = YES;
				CLANG_WARN_NON_LITERAL_NULL_CONVERSION = YES;
				CLANG_WARN_OBJC_LITERAL_CONVERSION = YES;
				CLANG_WARN_OBJC_ROOT_CLASS = YES_ERROR;
				CLANG_WARN_RANGE_LOOP_ANALYSIS = YES;
				CLANG_WARN_STRICT_PROTOTYPES = YES;
				CLANG_WARN_SUSPICIOUS_MOVE = YES;
				CLANG_WARN_UNGUARDED_AVAILABILITY = YES_AGGRESSIVE;
				CLANG_WARN_UNREACHABLE_CODE = YES;
				CLANG_WARN__DUPLICATE_METHOD_MATCH = YES;
				CODE_SIGN_IDENTITY = "iPhone Developer";
				COPY_PHASE_STRIP = NO;
				DEBUG_INFORMATION_FORMAT = "dwarf-with-dsym";
				ENABLE_NS_ASSERTIONS = NO;
				ENABLE_STRICT_OBJC_MSGSEND = YES;
				GCC_C_LANGUAGE_STANDARD = gnu11;
				GCC_NO_COMMON_BLOCKS = YES;
				GCC_WARN_64_TO_32_BIT_CONVERSION = YES;
				GCC_WARN_ABOUT_DEPRECATED_FUNCTIONS = NO;
				GCC_WARN_ABOUT_RETURN_TYPE = YES_ERROR;
				GCC_WARN_UNDECLARED_SELECTOR = YES;
				GCC_WARN_UNINITIALIZED_AUTOS = YES_AGGRESSIVE;
				GCC_WARN_UNUSED_FUNCTION = YES;
				GCC_WARN_UNUSED_VARIABLE = YES;
				IPHONEOS_DEPLOYMENT_TARGET = 11.1;
				MTL_ENABLE_DEBUG_INFO = NO;
				SDKROOT = iphoneos;
				VALIDATE_PRODUCT = YES;
			};
			name = Release;
		};
		2D7D2FD1203C8EE7005E689B /* Debug */ = {
			isa = XCBuildConfiguration;
			baseConfigurationReference = 36B05A971F5547FB89CE10F0 /* Pods-Readoop.debug.xcconfig */;
			buildSettings = {
				ASSETCATALOG_COMPILER_APPICON_NAME = AppIcon;
				CODE_SIGN_STYLE = Automatic;
				INFOPLIST_FILE = Readoop/Info.plist;
				IPHONEOS_DEPLOYMENT_TARGET = 11.2;
				LD_RUNPATH_SEARCH_PATHS = "$(inherited) @executable_path/Frameworks";
				PRODUCT_BUNDLE_IDENTIFIER = com.marinchitan.Readoop;
				PRODUCT_NAME = "$(TARGET_NAME)";
				TARGETED_DEVICE_FAMILY = "1,2";
			};
			name = Debug;
		};
		2D7D2FD2203C8EE7005E689B /* Release */ = {
			isa = XCBuildConfiguration;
			baseConfigurationReference = 0F505B3BD4145ECC2A5BB12D /* Pods-Readoop.release.xcconfig */;
			buildSettings = {
				ASSETCATALOG_COMPILER_APPICON_NAME = AppIcon;
				CODE_SIGN_STYLE = Automatic;
				INFOPLIST_FILE = Readoop/Info.plist;
				IPHONEOS_DEPLOYMENT_TARGET = 11.2;
				LD_RUNPATH_SEARCH_PATHS = "$(inherited) @executable_path/Frameworks";
				PRODUCT_BUNDLE_IDENTIFIER = com.marinchitan.Readoop;
				PRODUCT_NAME = "$(TARGET_NAME)";
				TARGETED_DEVICE_FAMILY = "1,2";
			};
			name = Release;
		};
/* End XCBuildConfiguration section */

/* Begin XCConfigurationList section */
		2D7D2FB5203C8EE7005E689B /* Build configuration list for PBXProject "Readoop" */ = {
			isa = XCConfigurationList;
			buildConfigurations = (
				2D7D2FCE203C8EE7005E689B /* Debug */,
				2D7D2FCF203C8EE7005E689B /* Release */,
			);
			defaultConfigurationIsVisible = 0;
			defaultConfigurationName = Release;
		};
		2D7D2FD0203C8EE7005E689B /* Build configuration list for PBXNativeTarget "Readoop" */ = {
			isa = XCConfigurationList;
			buildConfigurations = (
				2D7D2FD1203C8EE7005E689B /* Debug */,
				2D7D2FD2203C8EE7005E689B /* Release */,
			);
			defaultConfigurationIsVisible = 0;
			defaultConfigurationName = Release;
		};
/* End XCConfigurationList section */
	};
	rootObject = 2D7D2FB2203C8EE7005E689B /* Project object */;
}
